
Microsoft Visual Studio Solution File, Format Version 12.00
# Visual Studio 15
VisualStudioVersion = 15.0.26403.7
MinimumVisualStudioVersion = 10.0.40219.1
Project("{FAE04EC0-301F-11D3-BF4B-00C04F79EFBC}") = "MyHealthyFinances", "MyHealthyFinances\MyHealthyFinances.csproj", "{7872BB38-B300-41B1-B19C-10925625CC30}"
EndProject
Project("{FAE04EC0-301F-11D3-BF4B-00C04F79EFBC}") = "MyHealthyFinances.Tests", "MyHealthyFinances.Tests\MyHealthyFinances.Tests.csproj", "{6751809A-98EF-4A6A-8831-CA0C0EA8A680}"
EndProject
Global
	GlobalSection(SolutionConfigurationPlatforms) = preSolution
		Debug|Any CPU = Debug|Any CPU
		Release|Any CPU = Release|Any CPU
	EndGlobalSection
	GlobalSection(ProjectConfigurationPlatforms) = postSolution
		{7872BB38-B300-41B1-B19C-10925625CC30}.Debug|Any CPU.ActiveCfg = Debug|Any CPU
		{7872BB38-B300-41B1-B19C-10925625CC30}.Debug|Any CPU.Build.0 = Debug|Any CPU
		{7872BB38-B300-41B1-B19C-10925625CC30}.Release|Any CPU.ActiveCfg = Release|Any CPU
		{7872BB38-B300-41B1-B19C-10925625CC30}.Release|Any CPU.Build.0 = Release|Any CPU
		{6751809A-98EF-4A6A-8831-CA0C0EA8A680}.Debug|Any CPU.ActiveCfg = Debug|Any CPU
		{6751809A-98EF-4A6A-8831-CA0C0EA8A680}.Debug|Any CPU.Build.0 = Debug|Any CPU
		{6751809A-98EF-4A6A-8831-CA0C0EA8A680}.Release|Any CPU.ActiveCfg = Release|Any CPU
		{6751809A-98EF-4A6A-8831-CA0C0EA8A680}.Release|Any CPU.Build.0 = Release|Any CPU
	EndGlobalSection
	GlobalSection(SolutionProperties) = preSolution
		HideSolutionNode = FALSE
	EndGlobalSection
EndGlobal
